
Microsoft Visual Studio Solution File, Format Version 12.00
# Visual Studio Version 16
VisualStudioVersion = 16.0.28705.295
MinimumVisualStudioVersion = 15.0.26124.0
Project("{9A19103F-16F7-4668-BE54-9A1E7A4F7556}") = "CodeM.Common.Ioc", "library\CodeM.Common.Ioc.csproj", "{5FBC2BAC-5955-4653-BB45-B08B59BED1E0}"
EndProject
Project("{FAE04EC0-301F-11D3-BF4B-00C04F79EFBC}") = "UnitTest", "UnitTest\UnitTest.csproj", "{3EC20DDD-38FD-44C5-86E3-58063BAB7333}"
EndProject
Project("{FAE04EC0-301F-11D3-BF4B-00C04F79EFBC}") = "TestLibrary", "TestLibrary\TestLibrary.csproj", "{65A5A501-5C4E-4953-805C-CE4853B4DBBF}"
EndProject
Global
	GlobalSection(SolutionConfigurationPlatforms) = preSolution
		Debug|Any CPU = Debug|Any CPU
		Release|Any CPU = Release|Any CPU
	EndGlobalSection
	GlobalSection(ProjectConfigurationPlatforms) = postSolution
		{5FBC2BAC-5955-4653-BB45-B08B59BED1E0}.Debug|Any CPU.ActiveCfg = Debug|Any CPU
		{5FBC2BAC-5955-4653-BB45-B08B59BED1E0}.Debug|Any CPU.Build.0 = Debug|Any CPU
		{5FBC2BAC-5955-4653-BB45-B08B59BED1E0}.Release|Any CPU.ActiveCfg = Release|Any CPU
		{5FBC2BAC-5955-4653-BB45-B08B59BED1E0}.Release|Any CPU.Build.0 = Release|Any CPU
		{3EC20DDD-38FD-44C5-86E3-58063BAB7333}.Debug|Any CPU.ActiveCfg = Debug|Any CPU
		{3EC20DDD-38FD-44C5-86E3-58063BAB7333}.Debug|Any CPU.Build.0 = Debug|Any CPU
		{3EC20DDD-38FD-44C5-86E3-58063BAB7333}.Release|Any CPU.ActiveCfg = Release|Any CPU
		{3EC20DDD-38FD-44C5-86E3-58063BAB7333}.Release|Any CPU.Build.0 = Release|Any CPU
		{65A5A501-5C4E-4953-805C-CE4853B4DBBF}.Debug|Any CPU.ActiveCfg = Debug|Any CPU
		{65A5A501-5C4E-4953-805C-CE4853B4DBBF}.Debug|Any CPU.Build.0 = Debug|Any CPU
		{65A5A501-5C4E-4953-805C-CE4853B4DBBF}.Release|Any CPU.ActiveCfg = Release|Any CPU
		{65A5A501-5C4E-4953-805C-CE4853B4DBBF}.Release|Any CPU.Build.0 = Release|Any CPU
	EndGlobalSection
	GlobalSection(SolutionProperties) = preSolution
		HideSolutionNode = FALSE
	EndGlobalSection
	GlobalSection(ExtensibilityGlobals) = postSolution
		SolutionGuid = {FEA21734-FF0A-41AD-A131-D0D2E186DFA9}
	EndGlobalSection
EndGlobal
